
Microsoft Visual Studio Solution File, Format Version 12.00
# Visual Studio 15
VisualStudioVersion = 15.0.27703.2042
MinimumVisualStudioVersion = 10.0.40219.1
Project("{FAE04EC0-301F-11D3-BF4B-00C04F79EFBC}") = "Contract", "Contract\Contract.csproj", "{30516A50-4079-4EC7-B66E-3D9CE922505C}"
EndProject
Global
	GlobalSection(SolutionConfigurationPlatforms) = preSolution
		Debug|Any CPU = Debug|Any CPU
		Release|Any CPU = Release|Any CPU
	EndGlobalSection
	GlobalSection(ProjectConfigurationPlatforms) = postSolution
		{30516A50-4079-4EC7-B66E-3D9CE922505C}.Debug|Any CPU.ActiveCfg = Debug|Any CPU
		{30516A50-4079-4EC7-B66E-3D9CE922505C}.Debug|Any CPU.Build.0 = Debug|Any CPU
		{30516A50-4079-4EC7-B66E-3D9CE922505C}.Release|Any CPU.ActiveCfg = Release|Any CPU
		{30516A50-4079-4EC7-B66E-3D9CE922505C}.Release|Any CPU.Build.0 = Release|Any CPU
	EndGlobalSection
	GlobalSection(SolutionProperties) = preSolution
		HideSolutionNode = FALSE
	EndGlobalSection
	GlobalSection(ExtensibilityGlobals) = postSolution
		SolutionGuid = {A834401E-5270-4DED-88AD-8EEEA4DE4B54}
	EndGlobalSection
EndGlobal
